
Microsoft Visual Studio Solution File, Format Version 12.00
# Visual Studio Version 17
VisualStudioVersion = 17.13.35818.85 d17.13
MinimumVisualStudioVersion = 10.0.40219.1
Project("{FAE04EC0-301F-11D3-BF4B-00C04F79EFBC}") = "PruebaLucasFelizDextra", "PruebaLucasFelizDextra\PruebaLucasFelizDextra.csproj", "{6A64E808-73C1-43ED-AE55-0FE5685338BF}"
EndProject
Global
	GlobalSection(SolutionConfigurationPlatforms) = preSolution
		Debug|Any CPU = Debug|Any CPU
		Release|Any CPU = Release|Any CPU
	EndGlobalSection
	GlobalSection(ProjectConfigurationPlatforms) = postSolution
		{6A64E808-73C1-43ED-AE55-0FE5685338BF}.Debug|Any CPU.ActiveCfg = Debug|Any CPU
		{6A64E808-73C1-43ED-AE55-0FE5685338BF}.Debug|Any CPU.Build.0 = Debug|Any CPU
		{6A64E808-73C1-43ED-AE55-0FE5685338BF}.Release|Any CPU.ActiveCfg = Release|Any CPU
		{6A64E808-73C1-43ED-AE55-0FE5685338BF}.Release|Any CPU.Build.0 = Release|Any CPU
	EndGlobalSection
	GlobalSection(SolutionProperties) = preSolution
		HideSolutionNode = FALSE
	EndGlobalSection
	GlobalSection(ExtensibilityGlobals) = postSolution
		SolutionGuid = {22BB4683-F746-4FFD-9BA5-1CE7B89793BF}
	EndGlobalSection
EndGlobal
